
Microsoft Visual Studio Solution File, Format Version 12.00
# Visual Studio Version 17
VisualStudioVersion = 17.12.35527.113
MinimumVisualStudioVersion = 10.0.40219.1
Project("{8BC9CEB8-8B4A-11D0-8D11-00A0C91BC942}") = "1.Array", "1.Array\1.Array.vcxproj", "{9FE58C21-96FC-4F82-B284-714FD0E6BB17}"
EndProject
Project("{8BC9CEB8-8B4A-11D0-8D11-00A0C91BC942}") = "2.List", "2.List\2.List.vcxproj", "{9329BD53-9B8D-496A-8253-4B22676FF494}"
EndProject
Project("{8BC9CEB8-8B4A-11D0-8D11-00A0C91BC942}") = "3.LinkedList", "3.LinkedList\3.LinkedList.vcxproj", "{B5263CDD-F656-4A2D-9EC5-953FED6CC849}"
EndProject
Project("{8BC9CEB8-8B4A-11D0-8D11-00A0C91BC942}") = "4.TemplateLinkedList", "4.TemplateLinkedList\4.TemplateLinkedList.vcxproj", "{AE0D2D7E-CC11-487C-A232-67E5DD085753}"
EndProject
Project("{8BC9CEB8-8B4A-11D0-8D11-00A0C91BC942}") = "5.DoubleLinkedList", "5.DoubleLinkedList\5.DoubleLinkedList.vcxproj", "{5D6C1242-370F-4CB2-9D17-A21605C909EE}"
EndProject
Project("{8BC9CEB8-8B4A-11D0-8D11-00A0C91BC942}") = "6.ExpStack", "6.ExpStack\6.ExpStack.vcxproj", "{2FB76411-5A80-46B0-B3BD-675CA4AD4D8C}"
EndProject
Project("{8BC9CEB8-8B4A-11D0-8D11-00A0C91BC942}") = "7.TemplateStack", "7.TemplateStack\7.TemplateStack.vcxproj", "{78F4102A-FFD0-42FF-8B0A-920BFE6077E6}"
EndProject
Project("{8BC9CEB8-8B4A-11D0-8D11-00A0C91BC942}") = "8.Random", "8.Random\8.Random.vcxproj", "{617A2EF0-6551-491B-9818-3FAAC072E7CC}"
EndProject
Project("{8BC9CEB8-8B4A-11D0-8D11-00A0C91BC942}") = "9.StakMaze", "9.StakMaze\9.StakMaze.vcxproj", "{FB139FA0-9199-45C5-AB09-497A800B5D67}"
EndProject
Project("{8BC9CEB8-8B4A-11D0-8D11-00A0C91BC942}") = "10.Queue", "10.Queue\10.Queue.vcxproj", "{BB0212FC-A609-47ED-9E3E-3D77AC556276}"
EndProject
Project("{8BC9CEB8-8B4A-11D0-8D11-00A0C91BC942}") = "11.TemplateQueue", "11.TemplateQueue\11.TemplateQueue.vcxproj", "{9C41701C-B695-43AE-8DB9-129BBE6DCDEE}"
EndProject
Project("{8BC9CEB8-8B4A-11D0-8D11-00A0C91BC942}") = "12.QueueMaze", "12.QueueMaze\12.QueueMaze.vcxproj", "{E317103B-ED4C-477E-AA08-8E3BD7E8EF18}"
EndProject
Project("{8BC9CEB8-8B4A-11D0-8D11-00A0C91BC942}") = "13.HashTable", "13.HashTable\13.HashTable.vcxproj", "{0BEC14B8-8EBF-4E07-B725-80616505E916}"
EndProject
Global
	GlobalSection(SolutionConfigurationPlatforms) = preSolution
		Debug|x64 = Debug|x64
		Debug|x86 = Debug|x86
		Release|x64 = Release|x64
		Release|x86 = Release|x86
	EndGlobalSection
	GlobalSection(ProjectConfigurationPlatforms) = postSolution
		{9FE58C21-96FC-4F82-B284-714FD0E6BB17}.Debug|x64.ActiveCfg = Debug|x64
		{9FE58C21-96FC-4F82-B284-714FD0E6BB17}.Debug|x64.Build.0 = Debug|x64
		{9FE58C21-96FC-4F82-B284-714FD0E6BB17}.Debug|x86.ActiveCfg = Debug|Win32
		{9FE58C21-96FC-4F82-B284-714FD0E6BB17}.Debug|x86.Build.0 = Debug|Win32
		{9FE58C21-96FC-4F82-B284-714FD0E6BB17}.Release|x64.ActiveCfg = Release|x64
		{9FE58C21-96FC-4F82-B284-714FD0E6BB17}.Release|x64.Build.0 = Release|x64
		{9FE58C21-96FC-4F82-B284-714FD0E6BB17}.Release|x86.ActiveCfg = Release|Win32
		{9FE58C21-96FC-4F82-B284-714FD0E6BB17}.Release|x86.Build.0 = Release|Win32
		{9329BD53-9B8D-496A-8253-4B22676FF494}.Debug|x64.ActiveCfg = Debug|x64
		{9329BD53-9B8D-496A-8253-4B22676FF494}.Debug|x64.Build.0 = Debug|x64
		{9329BD53-9B8D-496A-8253-4B22676FF494}.Debug|x86.ActiveCfg = Debug|Win32
		{9329BD53-9B8D-496A-8253-4B22676FF494}.Debug|x86.Build.0 = Debug|Win32
		{9329BD53-9B8D-496A-8253-4B22676FF494}.Release|x64.ActiveCfg = Release|x64
		{9329BD53-9B8D-496A-8253-4B22676FF494}.Release|x64.Build.0 = Release|x64
		{9329BD53-9B8D-496A-8253-4B22676FF494}.Release|x86.ActiveCfg = Release|Win32
		{9329BD53-9B8D-496A-8253-4B22676FF494}.Release|x86.Build.0 = Release|Win32
		{B5263CDD-F656-4A2D-9EC5-953FED6CC849}.Debug|x64.ActiveCfg = Debug|x64
		{B5263CDD-F656-4A2D-9EC5-953FED6CC849}.Debug|x64.Build.0 = Debug|x64
		{B5263CDD-F656-4A2D-9EC5-953FED6CC849}.Debug|x86.ActiveCfg = Debug|Win32
		{B5263CDD-F656-4A2D-9EC5-953FED6CC849}.Debug|x86.Build.0 = Debug|Win32
		{B5263CDD-F656-4A2D-9EC5-953FED6CC849}.Release|x64.ActiveCfg = Release|x64
		{B5263CDD-F656-4A2D-9EC5-953FED6CC849}.Release|x64.Build.0 = Release|x64
		{B5263CDD-F656-4A2D-9EC5-953FED6CC849}.Release|x86.ActiveCfg = Release|Win32
		{B5263CDD-F656-4A2D-9EC5-953FED6CC849}.Release|x86.Build.0 = Release|Win32
		{AE0D2D7E-CC11-487C-A232-67E5DD085753}.Debug|x64.ActiveCfg = Debug|x64
		{AE0D2D7E-CC11-487C-A232-67E5DD085753}.Debug|x64.Build.0 = Debug|x64
		{AE0D2D7E-CC11-487C-A232-67E5DD085753}.Debug|x86.ActiveCfg = Debug|Win32
		{AE0D2D7E-CC11-487C-A232-67E5DD085753}.Debug|x86.Build.0 = Debug|Win32
		{AE0D2D7E-CC11-487C-A232-67E5DD085753}.Release|x64.ActiveCfg = Release|x64
		{AE0D2D7E-CC11-487C-A232-67E5DD085753}.Release|x64.Build.0 = Release|x64
		{AE0D2D7E-CC11-487C-A232-67E5DD085753}.Release|x86.ActiveCfg = Release|Win32
		{AE0D2D7E-CC11-487C-A232-67E5DD085753}.Release|x86.Build.0 = Release|Win32
		{5D6C1242-370F-4CB2-9D17-A21605C909EE}.Debug|x64.ActiveCfg = Debug|x64
		{5D6C1242-370F-4CB2-9D17-A21605C909EE}.Debug|x64.Build.0 = Debug|x64
		{5D6C1242-370F-4CB2-9D17-A21605C909EE}.Debug|x86.ActiveCfg = Debug|Win32
		{5D6C1242-370F-4CB2-9D17-A21605C909EE}.Debug|x86.Build.0 = Debug|Win32
		{5D6C1242-370F-4CB2-9D17-A21605C909EE}.Release|x64.ActiveCfg = Release|x64
		{5D6C1242-370F-4CB2-9D17-A21605C909EE}.Release|x64.Build.0 = Release|x64
		{5D6C1242-370F-4CB2-9D17-A21605C909EE}.Release|x86.ActiveCfg = Release|Win32
		{5D6C1242-370F-4CB2-9D17-A21605C909EE}.Release|x86.Build.0 = Release|Win32
		{2FB76411-5A80-46B0-B3BD-675CA4AD4D8C}.Debug|x64.ActiveCfg = Debug|x64
		{2FB76411-5A80-46B0-B3BD-675CA4AD4D8C}.Debug|x64.Build.0 = Debug|x64
		{2FB76411-5A80-46B0-B3BD-675CA4AD4D8C}.Debug|x86.ActiveCfg = Debug|Win32
		{2FB76411-5A80-46B0-B3BD-675CA4AD4D8C}.Debug|x86.Build.0 = Debug|Win32
		{2FB76411-5A80-46B0-B3BD-675CA4AD4D8C}.Release|x64.ActiveCfg = Release|x64
		{2FB76411-5A80-46B0-B3BD-675CA4AD4D8C}.Release|x64.Build.0 = Release|x64
		{2FB76411-5A80-46B0-B3BD-675CA4AD4D8C}.Release|x86.ActiveCfg = Release|Win32
		{2FB76411-5A80-46B0-B3BD-675CA4AD4D8C}.Release|x86.Build.0 = Release|Win32
		{78F4102A-FFD0-42FF-8B0A-920BFE6077E6}.Debug|x64.ActiveCfg = Debug|x64
		{78F4102A-FFD0-42FF-8B0A-920BFE6077E6}.Debug|x64.Build.0 = Debug|x64
		{78F4102A-FFD0-42FF-8B0A-920BFE6077E6}.Debug|x86.ActiveCfg = Debug|Win32
		{78F4102A-FFD0-42FF-8B0A-920BFE6077E6}.Debug|x86.Build.0 = Debug|Win32
		{78F4102A-FFD0-42FF-8B0A-920BFE6077E6}.Release|x64.ActiveCfg = Release|x64
		{78F4102A-FFD0-42FF-8B0A-920BFE6077E6}.Release|x64.Build.0 = Release|x64
		{78F4102A-FFD0-42FF-8B0A-920BFE6077E6}.Release|x86.ActiveCfg = Release|Win32
		{78F4102A-FFD0-42FF-8B0A-920BFE6077E6}.Release|x86.Build.0 = Release|Win32
		{617A2EF0-6551-491B-9818-3FAAC072E7CC}.Debug|x64.ActiveCfg = Debug|x64
		{617A2EF0-6551-491B-9818-3FAAC072E7CC}.Debug|x64.Build.0 = Debug|x64
		{617A2EF0-6551-491B-9818-3FAAC072E7CC}.Debug|x86.ActiveCfg = Debug|Win32
		{617A2EF0-6551-491B-9818-3FAAC072E7CC}.Debug|x86.Build.0 = Debug|Win32
		{617A2EF0-6551-491B-9818-3FAAC072E7CC}.Release|x64.ActiveCfg = Release|x64
		{617A2EF0-6551-491B-9818-3FAAC072E7CC}.Release|x64.Build.0 = Release|x64
		{617A2EF0-6551-491B-9818-3FAAC072E7CC}.Release|x86.ActiveCfg = Release|Win32
		{617A2EF0-6551-491B-9818-3FAAC072E7CC}.Release|x86.Build.0 = Release|Win32
		{FB139FA0-9199-45C5-AB09-497A800B5D67}.Debug|x64.ActiveCfg = Debug|x64
		{FB139FA0-9199-45C5-AB09-497A800B5D67}.Debug|x64.Build.0 = Debug|x64
		{FB139FA0-9199-45C5-AB09-497A800B5D67}.Debug|x86.ActiveCfg = Debug|Win32
		{FB139FA0-9199-45C5-AB09-497A800B5D67}.Debug|x86.Build.0 = Debug|Win32
		{FB139FA0-9199-45C5-AB09-497A800B5D67}.Release|x64.ActiveCfg = Release|x64
		{FB139FA0-9199-45C5-AB09-497A800B5D67}.Release|x64.Build.0 = Release|x64
		{FB139FA0-9199-45C5-AB09-497A800B5D67}.Release|x86.ActiveCfg = Release|Win32
		{FB139FA0-9199-45C5-AB09-497A800B5D67}.Release|x86.Build.0 = Release|Win32
		{BB0212FC-A609-47ED-9E3E-3D77AC556276}.Debug|x64.ActiveCfg = Debug|x64
		{BB0212FC-A609-47ED-9E3E-3D77AC556276}.Debug|x64.Build.0 = Debug|x64
		{BB0212FC-A609-47ED-9E3E-3D77AC556276}.Debug|x86.ActiveCfg = Debug|Win32
		{BB0212FC-A609-47ED-9E3E-3D77AC556276}.Debug|x86.Build.0 = Debug|Win32
		{BB0212FC-A609-47ED-9E3E-3D77AC556276}.Release|x64.ActiveCfg = Release|x64
		{BB0212FC-A609-47ED-9E3E-3D77AC556276}.Release|x64.Build.0 = Release|x64
		{BB0212FC-A609-47ED-9E3E-3D77AC556276}.Release|x86.ActiveCfg = Release|Win32
		{BB0212FC-A609-47ED-9E3E-3D77AC556276}.Release|x86.Build.0 = Release|Win32
		{9C41701C-B695-43AE-8DB9-129BBE6DCDEE}.Debug|x64.ActiveCfg = Debug|x64
		{9C41701C-B695-43AE-8DB9-129BBE6DCDEE}.Debug|x64.Build.0 = Debug|x64
		{9C41701C-B695-43AE-8DB9-129BBE6DCDEE}.Debug|x86.ActiveCfg = Debug|Win32
		{9C41701C-B695-43AE-8DB9-129BBE6DCDEE}.Debug|x86.Build.0 = Debug|Win32
		{9C41701C-B695-43AE-8DB9-129BBE6DCDEE}.Release|x64.ActiveCfg = Release|x64
		{9C41701C-B695-43AE-8DB9-129BBE6DCDEE}.Release|x64.Build.0 = Release|x64
		{9C41701C-B695-43AE-8DB9-129BBE6DCDEE}.Release|x86.ActiveCfg = Release|Win32
		{9C41701C-B695-43AE-8DB9-129BBE6DCDEE}.Release|x86.Build.0 = Release|Win32
		{E317103B-ED4C-477E-AA08-8E3BD7E8EF18}.Debug|x64.ActiveCfg = Debug|x64
		{E317103B-ED4C-477E-AA08-8E3BD7E8EF18}.Debug|x64.Build.0 = Debug|x64
		{E317103B-ED4C-477E-AA08-8E3BD7E8EF18}.Debug|x86.ActiveCfg = Debug|Win32
		{E317103B-ED4C-477E-AA08-8E3BD7E8EF18}.Debug|x86.Build.0 = Debug|Win32
		{E317103B-ED4C-477E-AA08-8E3BD7E8EF18}.Release|x64.ActiveCfg = Release|x64
		{E317103B-ED4C-477E-AA08-8E3BD7E8EF18}.Release|x64.Build.0 = Release|x64
		{E317103B-ED4C-477E-AA08-8E3BD7E8EF18}.Release|x86.ActiveCfg = Release|Win32
		{E317103B-ED4C-477E-AA08-8E3BD7E8EF18}.Release|x86.Build.0 = Release|Win32
		{0BEC14B8-8EBF-4E07-B725-80616505E916}.Debug|x64.ActiveCfg = Debug|x64
		{0BEC14B8-8EBF-4E07-B725-80616505E916}.Debug|x64.Build.0 = Debug|x64
		{0BEC14B8-8EBF-4E07-B725-80616505E916}.Debug|x86.ActiveCfg = Debug|Win32
		{0BEC14B8-8EBF-4E07-B725-80616505E916}.Debug|x86.Build.0 = Debug|Win32
		{0BEC14B8-8EBF-4E07-B725-80616505E916}.Release|x64.ActiveCfg = Release|x64
		{0BEC14B8-8EBF-4E07-B725-80616505E916}.Release|x64.Build.0 = Release|x64
		{0BEC14B8-8EBF-4E07-B725-80616505E916}.Release|x86.ActiveCfg = Release|Win32
		{0BEC14B8-8EBF-4E07-B725-80616505E916}.Release|x86.Build.0 = Release|Win32
	EndGlobalSection
	GlobalSection(SolutionProperties) = preSolution
		HideSolutionNode = FALSE
	EndGlobalSection
EndGlobal
